
Microsoft Visual Studio Solution File, Format Version 12.00
# Visual Studio Version 17
VisualStudioVersion = 17.2.32505.173
MinimumVisualStudioVersion = 10.0.40219.1
Project("{FAE04EC0-301F-11D3-BF4B-00C04F79EFBC}") = "Knowledge_Departman_Revize", "Knowledge_Departman_Revize\Knowledge_Departman_Revize.csproj", "{DA3A7575-5926-4CAB-8903-F21781945467}"
EndProject
Global
	GlobalSection(SolutionConfigurationPlatforms) = preSolution
		Debug|Any CPU = Debug|Any CPU
		Release|Any CPU = Release|Any CPU
	EndGlobalSection
	GlobalSection(ProjectConfigurationPlatforms) = postSolution
		{DA3A7575-5926-4CAB-8903-F21781945467}.Debug|Any CPU.ActiveCfg = Debug|Any CPU
		{DA3A7575-5926-4CAB-8903-F21781945467}.Debug|Any CPU.Build.0 = Debug|Any CPU
		{DA3A7575-5926-4CAB-8903-F21781945467}.Release|Any CPU.ActiveCfg = Release|Any CPU
		{DA3A7575-5926-4CAB-8903-F21781945467}.Release|Any CPU.Build.0 = Release|Any CPU
	EndGlobalSection
	GlobalSection(SolutionProperties) = preSolution
		HideSolutionNode = FALSE
	EndGlobalSection
	GlobalSection(ExtensibilityGlobals) = postSolution
		SolutionGuid = {A8E7191F-E65F-4127-9B56-AC8208774DBB}
	EndGlobalSection
EndGlobal
